
Microsoft Visual Studio Solution File, Format Version 12.00
# Visual Studio 2013
VisualStudioVersion = 12.0.30501.0
MinimumVisualStudioVersion = 10.0.40219.1
Project("{FAE04EC0-301F-11D3-BF4B-00C04F79EFBC}") = "ConsoleDemoRedis", "ConsoleDemoRedis\ConsoleDemoRedis.csproj", "{BE05C018-46C2-43D0-AC1A-BEAD7D2253B8}"
EndProject
Project("{FAE04EC0-301F-11D3-BF4B-00C04F79EFBC}") = "SubscriberRedis", "SubscriberRedis\SubscriberRedis.csproj", "{700FA80D-1B1D-45AC-AB3C-34445A607432}"
EndProject
Global
	GlobalSection(SolutionConfigurationPlatforms) = preSolution
		Debug|Any CPU = Debug|Any CPU
		Debug|Mixed Platforms = Debug|Mixed Platforms
		Debug|x64 = Debug|x64
		Debug|x86 = Debug|x86
		Release|Any CPU = Release|Any CPU
		Release|Mixed Platforms = Release|Mixed Platforms
		Release|x64 = Release|x64
		Release|x86 = Release|x86
	EndGlobalSection
	GlobalSection(ProjectConfigurationPlatforms) = postSolution
		{BE05C018-46C2-43D0-AC1A-BEAD7D2253B8}.Debug|Any CPU.ActiveCfg = Debug|Any CPU
		{BE05C018-46C2-43D0-AC1A-BEAD7D2253B8}.Debug|Any CPU.Build.0 = Debug|Any CPU
		{BE05C018-46C2-43D0-AC1A-BEAD7D2253B8}.Debug|Mixed Platforms.ActiveCfg = Debug|x86
		{BE05C018-46C2-43D0-AC1A-BEAD7D2253B8}.Debug|Mixed Platforms.Build.0 = Debug|x86
		{BE05C018-46C2-43D0-AC1A-BEAD7D2253B8}.Debug|x64.ActiveCfg = Debug|x64
		{BE05C018-46C2-43D0-AC1A-BEAD7D2253B8}.Debug|x64.Build.0 = Debug|x64
		{BE05C018-46C2-43D0-AC1A-BEAD7D2253B8}.Debug|x86.ActiveCfg = Debug|x86
		{BE05C018-46C2-43D0-AC1A-BEAD7D2253B8}.Debug|x86.Build.0 = Debug|x86
		{BE05C018-46C2-43D0-AC1A-BEAD7D2253B8}.Release|Any CPU.ActiveCfg = Release|Any CPU
		{BE05C018-46C2-43D0-AC1A-BEAD7D2253B8}.Release|Any CPU.Build.0 = Release|Any CPU
		{BE05C018-46C2-43D0-AC1A-BEAD7D2253B8}.Release|Mixed Platforms.ActiveCfg = Release|x86
		{BE05C018-46C2-43D0-AC1A-BEAD7D2253B8}.Release|Mixed Platforms.Build.0 = Release|x86
		{BE05C018-46C2-43D0-AC1A-BEAD7D2253B8}.Release|x64.ActiveCfg = Release|x64
		{BE05C018-46C2-43D0-AC1A-BEAD7D2253B8}.Release|x64.Build.0 = Release|x64
		{BE05C018-46C2-43D0-AC1A-BEAD7D2253B8}.Release|x86.ActiveCfg = Release|x86
		{BE05C018-46C2-43D0-AC1A-BEAD7D2253B8}.Release|x86.Build.0 = Release|x86
		{700FA80D-1B1D-45AC-AB3C-34445A607432}.Debug|Any CPU.ActiveCfg = Debug|Any CPU
		{700FA80D-1B1D-45AC-AB3C-34445A607432}.Debug|Any CPU.Build.0 = Debug|Any CPU
		{700FA80D-1B1D-45AC-AB3C-34445A607432}.Debug|Mixed Platforms.ActiveCfg = Debug|Any CPU
		{700FA80D-1B1D-45AC-AB3C-34445A607432}.Debug|Mixed Platforms.Build.0 = Debug|Any CPU
		{700FA80D-1B1D-45AC-AB3C-34445A607432}.Debug|x64.ActiveCfg = Debug|x64
		{700FA80D-1B1D-45AC-AB3C-34445A607432}.Debug|x64.Build.0 = Debug|x64
		{700FA80D-1B1D-45AC-AB3C-34445A607432}.Debug|x86.ActiveCfg = Debug|Any CPU
		{700FA80D-1B1D-45AC-AB3C-34445A607432}.Release|Any CPU.ActiveCfg = Release|Any CPU
		{700FA80D-1B1D-45AC-AB3C-34445A607432}.Release|Any CPU.Build.0 = Release|Any CPU
		{700FA80D-1B1D-45AC-AB3C-34445A607432}.Release|Mixed Platforms.ActiveCfg = Release|Any CPU
		{700FA80D-1B1D-45AC-AB3C-34445A607432}.Release|Mixed Platforms.Build.0 = Release|Any CPU
		{700FA80D-1B1D-45AC-AB3C-34445A607432}.Release|x64.ActiveCfg = Release|Any CPU
		{700FA80D-1B1D-45AC-AB3C-34445A607432}.Release|x86.ActiveCfg = Release|Any CPU
	EndGlobalSection
	GlobalSection(SolutionProperties) = preSolution
		HideSolutionNode = FALSE
	EndGlobalSection
EndGlobal
